
Microsoft Visual Studio Solution File, Format Version 12.00
# Visual Studio Version 17
VisualStudioVersion = 17.8.34322.80
MinimumVisualStudioVersion = 10.0.40219.1
Project("{FAE04EC0-301F-11D3-BF4B-00C04F79EFBC}") = "AssembleMe", "AssembleMe\AssembleMe.csproj", "{73D3EA84-BEEE-42EA-A3C6-FCAF037FB226}"
EndProject
Project("{FAE04EC0-301F-11D3-BF4B-00C04F79EFBC}") = "AssembleMe.MicrosoftDependencyInjection", "AssembleMe.MicrosoftDependencyInjection\AssembleMe.MicrosoftDependencyInjection.csproj", "{D2EDF822-3B9B-4D6E-8296-560D318DCD0D}"
EndProject
Global
	GlobalSection(SolutionConfigurationPlatforms) = preSolution
		Debug|Any CPU = Debug|Any CPU
		Release|Any CPU = Release|Any CPU
	EndGlobalSection
	GlobalSection(ProjectConfigurationPlatforms) = postSolution
		{73D3EA84-BEEE-42EA-A3C6-FCAF037FB226}.Debug|Any CPU.ActiveCfg = Debug|Any CPU
		{73D3EA84-BEEE-42EA-A3C6-FCAF037FB226}.Debug|Any CPU.Build.0 = Debug|Any CPU
		{73D3EA84-BEEE-42EA-A3C6-FCAF037FB226}.Release|Any CPU.ActiveCfg = Release|Any CPU
		{73D3EA84-BEEE-42EA-A3C6-FCAF037FB226}.Release|Any CPU.Build.0 = Release|Any CPU
		{D2EDF822-3B9B-4D6E-8296-560D318DCD0D}.Debug|Any CPU.ActiveCfg = Debug|Any CPU
		{D2EDF822-3B9B-4D6E-8296-560D318DCD0D}.Debug|Any CPU.Build.0 = Debug|Any CPU
		{D2EDF822-3B9B-4D6E-8296-560D318DCD0D}.Release|Any CPU.ActiveCfg = Release|Any CPU
		{D2EDF822-3B9B-4D6E-8296-560D318DCD0D}.Release|Any CPU.Build.0 = Release|Any CPU
	EndGlobalSection
	GlobalSection(SolutionProperties) = preSolution
		HideSolutionNode = FALSE
	EndGlobalSection
	GlobalSection(ExtensibilityGlobals) = postSolution
		SolutionGuid = {B161CA4A-F54C-4348-8A6D-D1B8D168C990}
	EndGlobalSection
EndGlobal
